
Microsoft Visual Studio Solution File, Format Version 12.00
# Visual Studio 15
VisualStudioVersion = 15.0.26124.0
MinimumVisualStudioVersion = 15.0.26124.0
Project("{9A19103F-16F7-4668-BE54-9A1E7A4F7556}") = "R5T.Viborg.Base.Construction", "R5T.Viborg.Base.Construction\R5T.Viborg.Base.Construction.csproj", "{19AF9B05-3C97-47BD-A3BF-88766950DD56}"
EndProject
Project("{9A19103F-16F7-4668-BE54-9A1E7A4F7556}") = "R5T.Viborg.Base", "R5T.Viborg.Base\R5T.Viborg.Base.csproj", "{AF319191-86FB-49CC-AD2B-EBD38C6D8F10}"
EndProject
Project("{2150E333-8FDC-42A3-9474-1A3956D46DE8}") = "_Dependencies", "_Dependencies", "{31A87E8E-BA5E-4ACC-BAF2-7FA6CFA09555}"
EndProject
Project("{9A19103F-16F7-4668-BE54-9A1E7A4F7556}") = "R5T.Rhodes", "..\..\R5T.Rhodes\source\R5T.Rhodes\R5T.Rhodes.csproj", "{9001A0D4-9FE1-4A4E-928B-7EC7CFDEE523}"
EndProject
Project("{9A19103F-16F7-4668-BE54-9A1E7A4F7556}") = "R5T.T0064", "..\..\R5T.T0064\source\R5T.T0064\R5T.T0064.csproj", "{3C5A88E9-7AE7-4B80-9533-D98028DD56F7}"
EndProject
Global
	GlobalSection(SolutionConfigurationPlatforms) = preSolution
		Debug|Any CPU = Debug|Any CPU
		Debug|x64 = Debug|x64
		Debug|x86 = Debug|x86
		Release|Any CPU = Release|Any CPU
		Release|x64 = Release|x64
		Release|x86 = Release|x86
	EndGlobalSection
	GlobalSection(ProjectConfigurationPlatforms) = postSolution
		{19AF9B05-3C97-47BD-A3BF-88766950DD56}.Debug|Any CPU.ActiveCfg = Debug|Any CPU
		{19AF9B05-3C97-47BD-A3BF-88766950DD56}.Debug|Any CPU.Build.0 = Debug|Any CPU
		{19AF9B05-3C97-47BD-A3BF-88766950DD56}.Debug|x64.ActiveCfg = Debug|Any CPU
		{19AF9B05-3C97-47BD-A3BF-88766950DD56}.Debug|x64.Build.0 = Debug|Any CPU
		{19AF9B05-3C97-47BD-A3BF-88766950DD56}.Debug|x86.ActiveCfg = Debug|Any CPU
		{19AF9B05-3C97-47BD-A3BF-88766950DD56}.Debug|x86.Build.0 = Debug|Any CPU
		{19AF9B05-3C97-47BD-A3BF-88766950DD56}.Release|Any CPU.ActiveCfg = Release|Any CPU
		{19AF9B05-3C97-47BD-A3BF-88766950DD56}.Release|Any CPU.Build.0 = Release|Any CPU
		{19AF9B05-3C97-47BD-A3BF-88766950DD56}.Release|x64.ActiveCfg = Release|Any CPU
		{19AF9B05-3C97-47BD-A3BF-88766950DD56}.Release|x64.Build.0 = Release|Any CPU
		{19AF9B05-3C97-47BD-A3BF-88766950DD56}.Release|x86.ActiveCfg = Release|Any CPU
		{19AF9B05-3C97-47BD-A3BF-88766950DD56}.Release|x86.Build.0 = Release|Any CPU
		{AF319191-86FB-49CC-AD2B-EBD38C6D8F10}.Debug|Any CPU.ActiveCfg = Debug|Any CPU
		{AF319191-86FB-49CC-AD2B-EBD38C6D8F10}.Debug|Any CPU.Build.0 = Debug|Any CPU
		{AF319191-86FB-49CC-AD2B-EBD38C6D8F10}.Debug|x64.ActiveCfg = Debug|Any CPU
		{AF319191-86FB-49CC-AD2B-EBD38C6D8F10}.Debug|x64.Build.0 = Debug|Any CPU
		{AF319191-86FB-49CC-AD2B-EBD38C6D8F10}.Debug|x86.ActiveCfg = Debug|Any CPU
		{AF319191-86FB-49CC-AD2B-EBD38C6D8F10}.Debug|x86.Build.0 = Debug|Any CPU
		{AF319191-86FB-49CC-AD2B-EBD38C6D8F10}.Release|Any CPU.ActiveCfg = Release|Any CPU
		{AF319191-86FB-49CC-AD2B-EBD38C6D8F10}.Release|Any CPU.Build.0 = Release|Any CPU
		{AF319191-86FB-49CC-AD2B-EBD38C6D8F10}.Release|x64.ActiveCfg = Release|Any CPU
		{AF319191-86FB-49CC-AD2B-EBD38C6D8F10}.Release|x64.Build.0 = Release|Any CPU
		{AF319191-86FB-49CC-AD2B-EBD38C6D8F10}.Release|x86.ActiveCfg = Release|Any CPU
		{AF319191-86FB-49CC-AD2B-EBD38C6D8F10}.Release|x86.Build.0 = Release|Any CPU
		{9001A0D4-9FE1-4A4E-928B-7EC7CFDEE523}.Debug|Any CPU.ActiveCfg = Debug|Any CPU
		{9001A0D4-9FE1-4A4E-928B-7EC7CFDEE523}.Debug|Any CPU.Build.0 = Debug|Any CPU
		{9001A0D4-9FE1-4A4E-928B-7EC7CFDEE523}.Debug|x64.ActiveCfg = Debug|Any CPU
		{9001A0D4-9FE1-4A4E-928B-7EC7CFDEE523}.Debug|x64.Build.0 = Debug|Any CPU
		{9001A0D4-9FE1-4A4E-928B-7EC7CFDEE523}.Debug|x86.ActiveCfg = Debug|Any CPU
		{9001A0D4-9FE1-4A4E-928B-7EC7CFDEE523}.Debug|x86.Build.0 = Debug|Any CPU
		{9001A0D4-9FE1-4A4E-928B-7EC7CFDEE523}.Release|Any CPU.ActiveCfg = Release|Any CPU
		{9001A0D4-9FE1-4A4E-928B-7EC7CFDEE523}.Release|Any CPU.Build.0 = Release|Any CPU
		{9001A0D4-9FE1-4A4E-928B-7EC7CFDEE523}.Release|x64.ActiveCfg = Release|Any CPU
		{9001A0D4-9FE1-4A4E-928B-7EC7CFDEE523}.Release|x64.Build.0 = Release|Any CPU
		{9001A0D4-9FE1-4A4E-928B-7EC7CFDEE523}.Release|x86.ActiveCfg = Release|Any CPU
		{9001A0D4-9FE1-4A4E-928B-7EC7CFDEE523}.Release|x86.Build.0 = Release|Any CPU
		{3C5A88E9-7AE7-4B80-9533-D98028DD56F7}.Debug|Any CPU.ActiveCfg = Debug|Any CPU
		{3C5A88E9-7AE7-4B80-9533-D98028DD56F7}.Debug|Any CPU.Build.0 = Debug|Any CPU
		{3C5A88E9-7AE7-4B80-9533-D98028DD56F7}.Debug|x64.ActiveCfg = Debug|Any CPU
		{3C5A88E9-7AE7-4B80-9533-D98028DD56F7}.Debug|x64.Build.0 = Debug|Any CPU
		{3C5A88E9-7AE7-4B80-9533-D98028DD56F7}.Debug|x86.ActiveCfg = Debug|Any CPU
		{3C5A88E9-7AE7-4B80-9533-D98028DD56F7}.Debug|x86.Build.0 = Debug|Any CPU
		{3C5A88E9-7AE7-4B80-9533-D98028DD56F7}.Release|Any CPU.ActiveCfg = Release|Any CPU
		{3C5A88E9-7AE7-4B80-9533-D98028DD56F7}.Release|Any CPU.Build.0 = Release|Any CPU
		{3C5A88E9-7AE7-4B80-9533-D98028DD56F7}.Release|x64.ActiveCfg = Release|Any CPU
		{3C5A88E9-7AE7-4B80-9533-D98028DD56F7}.Release|x64.Build.0 = Release|Any CPU
		{3C5A88E9-7AE7-4B80-9533-D98028DD56F7}.Release|x86.ActiveCfg = Release|Any CPU
		{3C5A88E9-7AE7-4B80-9533-D98028DD56F7}.Release|x86.Build.0 = Release|Any CPU
	EndGlobalSection
	GlobalSection(SolutionProperties) = preSolution
		HideSolutionNode = FALSE
	EndGlobalSection
	GlobalSection(NestedProjects) = preSolution
		{9001A0D4-9FE1-4A4E-928B-7EC7CFDEE523} = {31A87E8E-BA5E-4ACC-BAF2-7FA6CFA09555}
		{3C5A88E9-7AE7-4B80-9533-D98028DD56F7} = {31A87E8E-BA5E-4ACC-BAF2-7FA6CFA09555}
	EndGlobalSection
	GlobalSection(ExtensibilityGlobals) = postSolution
		SolutionGuid = {88914A6E-F8CF-46F8-87D1-0909316DAD23}
	EndGlobalSection
EndGlobal
